
Microsoft Visual Studio Solution File, Format Version 12.00
# Visual Studio Version 16
VisualStudioVersion = 16.0.30406.217
MinimumVisualStudioVersion = 10.0.40219.1
Project("{FAE04EC0-301F-11D3-BF4B-00C04F79EFBC}") = "DATH1", "DATH1.csproj", "{0EDFA493-A0BA-4013-9B32-FC98EAC48F36}"
EndProject
Global
	GlobalSection(SolutionConfigurationPlatforms) = preSolution
		Debug|Any CPU = Debug|Any CPU
		Release|Any CPU = Release|Any CPU
	EndGlobalSection
	GlobalSection(ProjectConfigurationPlatforms) = postSolution
		{0EDFA493-A0BA-4013-9B32-FC98EAC48F36}.Debug|Any CPU.ActiveCfg = Debug|Any CPU
		{0EDFA493-A0BA-4013-9B32-FC98EAC48F36}.Debug|Any CPU.Build.0 = Debug|Any CPU
		{0EDFA493-A0BA-4013-9B32-FC98EAC48F36}.Release|Any CPU.ActiveCfg = Release|Any CPU
		{0EDFA493-A0BA-4013-9B32-FC98EAC48F36}.Release|Any CPU.Build.0 = Release|Any CPU
	EndGlobalSection
	GlobalSection(SolutionProperties) = preSolution
		HideSolutionNode = FALSE
	EndGlobalSection
	GlobalSection(ExtensibilityGlobals) = postSolution
		SolutionGuid = {7E8E9ECC-4DF0-467D-A041-5984D6484931}
	EndGlobalSection
EndGlobal
